
Microsoft Visual Studio Solution File, Format Version 12.00
# Visual Studio Express 2012 for Web
Project("{FAE04EC0-301F-11D3-BF4B-00C04F79EFBC}") = "MvcPages", "MvcPages\MvcPages.csproj", "{6E7A80C0-218D-40BB-8609-1F88CC3F46A7}"
EndProject
Project("{E24C65DC-7377-472B-9ABA-BC803B73C61A}") = "samples", "samples\", "{D522D5F2-DE26-41A7-A236-9C6AB70C346C}"
	ProjectSection(WebsiteProperties) = preProject
		Debug.AspNetCompiler.Debug = "True"
		Debug.AspNetCompiler.FixedNames = "false"
		Debug.AspNetCompiler.ForceOverwrite = "true"
		Debug.AspNetCompiler.PhysicalPath = "samples\"
		Debug.AspNetCompiler.TargetPath = "PrecompiledWeb\samples\"
		Debug.AspNetCompiler.Updateable = "true"
		Debug.AspNetCompiler.VirtualPath = "/samples"
		ProjectReferences = "{6e7a80c0-218d-40bb-8609-1f88cc3f46a7}|MvcPages.dll;"
		Release.AspNetCompiler.Debug = "False"
		Release.AspNetCompiler.FixedNames = "false"
		Release.AspNetCompiler.ForceOverwrite = "true"
		Release.AspNetCompiler.PhysicalPath = "samples\"
		Release.AspNetCompiler.TargetPath = "PrecompiledWeb\samples\"
		Release.AspNetCompiler.Updateable = "true"
		Release.AspNetCompiler.VirtualPath = "/samples"
		TargetFrameworkMoniker = ".NETFramework,Version%3Dv4.0"
		VWDPort = "50093"
		VWDVirtualPath = "/"
	EndProjectSection
EndProject
Global
	GlobalSection(SolutionConfigurationPlatforms) = preSolution
		Debug|Any CPU = Debug|Any CPU
		Release|Any CPU = Release|Any CPU
	EndGlobalSection
	GlobalSection(ProjectConfigurationPlatforms) = postSolution
		{6E7A80C0-218D-40BB-8609-1F88CC3F46A7}.Debug|Any CPU.ActiveCfg = Debug|Any CPU
		{6E7A80C0-218D-40BB-8609-1F88CC3F46A7}.Debug|Any CPU.Build.0 = Debug|Any CPU
		{6E7A80C0-218D-40BB-8609-1F88CC3F46A7}.Release|Any CPU.ActiveCfg = Release|Any CPU
		{6E7A80C0-218D-40BB-8609-1F88CC3F46A7}.Release|Any CPU.Build.0 = Release|Any CPU
		{D522D5F2-DE26-41A7-A236-9C6AB70C346C}.Debug|Any CPU.ActiveCfg = Debug|Any CPU
		{D522D5F2-DE26-41A7-A236-9C6AB70C346C}.Debug|Any CPU.Build.0 = Debug|Any CPU
		{D522D5F2-DE26-41A7-A236-9C6AB70C346C}.Release|Any CPU.ActiveCfg = Debug|Any CPU
		{D522D5F2-DE26-41A7-A236-9C6AB70C346C}.Release|Any CPU.Build.0 = Debug|Any CPU
	EndGlobalSection
	GlobalSection(SolutionProperties) = preSolution
		HideSolutionNode = FALSE
	EndGlobalSection
EndGlobal
